
Microsoft Visual Studio Solution File, Format Version 12.00
# Visual Studio Version 17
VisualStudioVersion = 17.2.32519.379
MinimumVisualStudioVersion = 10.0.40219.1
Project("{2150E333-8FDC-42A3-9474-1A3956D46DE8}") = "Services", "Services", "{12F80B0B-587E-4EAA-B928-A4FD4191C855}"
EndProject
Project("{2150E333-8FDC-42A3-9474-1A3956D46DE8}") = "FileManagerService", "FileManagerService", "{F19CDD95-8A8F-42D5-9074-0419ECE6A484}"
EndProject
Project("{FAE04EC0-301F-11D3-BF4B-00C04F79EFBC}") = "CloudStorage.WebApi.Shared", "Services\CloudStorage.WebApi.Shared\CloudStorage.WebApi.Shared.csproj", "{0A00BFC1-6EDE-4A21-9AE5-806C639D5169}"
EndProject
Project("{FAE04EC0-301F-11D3-BF4B-00C04F79EFBC}") = "CloudStorage.Utils", "CloudStorage.Utils\CloudStorage.Utils.csproj", "{31825C1A-554C-4372-80DE-CF00AC376690}"
EndProject
Project("{FAE04EC0-301F-11D3-BF4B-00C04F79EFBC}") = "CloudStorage.FileManagerService", "CloudStorage.FileManagerService\CloudStorage.FileManagerService.csproj", "{732AF746-3BBE-41DB-AF4E-7F8A8B247836}"
EndProject
Global
	GlobalSection(SolutionConfigurationPlatforms) = preSolution
		Debug|Any CPU = Debug|Any CPU
		Release|Any CPU = Release|Any CPU
	EndGlobalSection
	GlobalSection(ProjectConfigurationPlatforms) = postSolution
		{0A00BFC1-6EDE-4A21-9AE5-806C639D5169}.Debug|Any CPU.ActiveCfg = Debug|Any CPU
		{0A00BFC1-6EDE-4A21-9AE5-806C639D5169}.Debug|Any CPU.Build.0 = Debug|Any CPU
		{0A00BFC1-6EDE-4A21-9AE5-806C639D5169}.Release|Any CPU.ActiveCfg = Release|Any CPU
		{0A00BFC1-6EDE-4A21-9AE5-806C639D5169}.Release|Any CPU.Build.0 = Release|Any CPU
		{31825C1A-554C-4372-80DE-CF00AC376690}.Debug|Any CPU.ActiveCfg = Debug|Any CPU
		{31825C1A-554C-4372-80DE-CF00AC376690}.Debug|Any CPU.Build.0 = Debug|Any CPU
		{31825C1A-554C-4372-80DE-CF00AC376690}.Release|Any CPU.ActiveCfg = Release|Any CPU
		{31825C1A-554C-4372-80DE-CF00AC376690}.Release|Any CPU.Build.0 = Release|Any CPU
		{732AF746-3BBE-41DB-AF4E-7F8A8B247836}.Debug|Any CPU.ActiveCfg = Debug|Any CPU
		{732AF746-3BBE-41DB-AF4E-7F8A8B247836}.Debug|Any CPU.Build.0 = Debug|Any CPU
		{732AF746-3BBE-41DB-AF4E-7F8A8B247836}.Release|Any CPU.ActiveCfg = Release|Any CPU
		{732AF746-3BBE-41DB-AF4E-7F8A8B247836}.Release|Any CPU.Build.0 = Release|Any CPU
	EndGlobalSection
	GlobalSection(SolutionProperties) = preSolution
		HideSolutionNode = FALSE
	EndGlobalSection
	GlobalSection(NestedProjects) = preSolution
		{F19CDD95-8A8F-42D5-9074-0419ECE6A484} = {12F80B0B-587E-4EAA-B928-A4FD4191C855}
		{0A00BFC1-6EDE-4A21-9AE5-806C639D5169} = {12F80B0B-587E-4EAA-B928-A4FD4191C855}
		{31825C1A-554C-4372-80DE-CF00AC376690} = {12F80B0B-587E-4EAA-B928-A4FD4191C855}
		{732AF746-3BBE-41DB-AF4E-7F8A8B247836} = {F19CDD95-8A8F-42D5-9074-0419ECE6A484}
	EndGlobalSection
	GlobalSection(ExtensibilityGlobals) = postSolution
		SolutionGuid = {E1EB0B9B-ABA0-4E77-A9B3-64A8CB979E96}
	EndGlobalSection
EndGlobal
